{
	"name": "codebasetxt",
	"version": "1.0.0",
	"lockfileVersion": 3,
	"requires": true,
	"packages": {
		"": {
			"name": "codebasetxt",
			"version": "1.0.0",
			"license": "ISC",
			"dependencies": {
				"ignore": "^7.0.0"
			},
			"bin": {
				"codebasetxt": "bin/index.js"
			}
		},
		"node_modules/ignore": {
			"version": "7.0.0",
			"resolved": "https://registry.npmjs.org/ignore/-/ignore-7.0.0.tgz",
			"integrity": "sha512-lcX8PNQygAa22u/0BysEY8VhaFRzlOkvdlKczDPnJvrkJD1EuqzEky5VYYKM2iySIuaVIDv9N190DfSreSLw2A==",
			"license": "MIT",
			"engines": {
				"node": ">= 4"
			}
		}
	}
}
